{
	"name": "electron-dns-sd",
	"version": "0.4.4-beta.0",
	"lockfileVersion": 2,
	"requires": true,
	"packages": {
		"": {
			"name": "electron-dns-sd",
			"version": "0.4.4-beta.0",
			"license": "MIT",
			"dependencies": {
				"node-dns-sd": "^0.4.2"
			}
		},
		"node_modules/node-dns-sd": {
			"version": "0.4.2",
			"resolved": "https://registry.npmjs.org/node-dns-sd/-/node-dns-sd-0.4.2.tgz",
			"integrity": "sha512-fZvDqy19zyaiSXajmRjwue1VWLrJcy8bTV/LJVtAx8DeEFVlXRBMyZknW+q6CEfiW8Y4MQDDKh9x5wF32BHAHQ=="
		}
	},
	"dependencies": {
		"node-dns-sd": {
			"version": "0.4.2",
			"resolved": "https://registry.npmjs.org/node-dns-sd/-/node-dns-sd-0.4.2.tgz",
			"integrity": "sha512-fZvDqy19zyaiSXajmRjwue1VWLrJcy8bTV/LJVtAx8DeEFVlXRBMyZknW+q6CEfiW8Y4MQDDKh9x5wF32BHAHQ=="
		}
	}
}
